
Microsoft Visual Studio Solution File, Format Version 12.00
# Visual Studio Version 17
VisualStudioVersion = 17.3.32901.215
MinimumVisualStudioVersion = 10.0.40219.1
Project("{9A19103F-16F7-4668-BE54-9A1E7A4F7556}") = "BookStoreManagement.Web", "BookStoreManagement.Web\BookStoreManagement.Web.csproj", "{A3B8F6E3-A2A0-4815-AF2C-CCAEB5C1785D}"
EndProject
Project("{9A19103F-16F7-4668-BE54-9A1E7A4F7556}") = "BookStoreManagement.DataAccess", "BookStoreManagement.DataAccess\BookStoreManagement.DataAccess.csproj", "{569AEE06-F679-46A1-A563-8A3483DBC94A}"
EndProject
Project("{9A19103F-16F7-4668-BE54-9A1E7A4F7556}") = "BookStoreManagement.Models", "BookStoreManagement.Models\BookStoreManagement.Models.csproj", "{1BCAB48E-631F-4147-8BF6-9672F592386E}"
EndProject
Project("{9A19103F-16F7-4668-BE54-9A1E7A4F7556}") = "BookStoreManagement.Utility", "BookStoreManagement.Utility\BookStoreManagement.Utility.csproj", "{0A1A730B-C8A1-4C02-8818-01C777DC4F97}"
EndProject
Project("{9A19103F-16F7-4668-BE54-9A1E7A4F7556}") = "BookStoreManagement.UnitTest", "BookStoreManagement.UnitTest\BookStoreManagement.UnitTest.csproj", "{0E6B277B-7587-45FC-A21E-F994502FEF61}"
EndProject
Global
	GlobalSection(SolutionConfigurationPlatforms) = preSolution
		Debug|Any CPU = Debug|Any CPU
		Release|Any CPU = Release|Any CPU
	EndGlobalSection
	GlobalSection(ProjectConfigurationPlatforms) = postSolution
		{A3B8F6E3-A2A0-4815-AF2C-CCAEB5C1785D}.Debug|Any CPU.ActiveCfg = Debug|Any CPU
		{A3B8F6E3-A2A0-4815-AF2C-CCAEB5C1785D}.Debug|Any CPU.Build.0 = Debug|Any CPU
		{A3B8F6E3-A2A0-4815-AF2C-CCAEB5C1785D}.Release|Any CPU.ActiveCfg = Release|Any CPU
		{A3B8F6E3-A2A0-4815-AF2C-CCAEB5C1785D}.Release|Any CPU.Build.0 = Release|Any CPU
		{569AEE06-F679-46A1-A563-8A3483DBC94A}.Debug|Any CPU.ActiveCfg = Debug|Any CPU
		{569AEE06-F679-46A1-A563-8A3483DBC94A}.Debug|Any CPU.Build.0 = Debug|Any CPU
		{569AEE06-F679-46A1-A563-8A3483DBC94A}.Release|Any CPU.ActiveCfg = Release|Any CPU
		{569AEE06-F679-46A1-A563-8A3483DBC94A}.Release|Any CPU.Build.0 = Release|Any CPU
		{1BCAB48E-631F-4147-8BF6-9672F592386E}.Debug|Any CPU.ActiveCfg = Debug|Any CPU
		{1BCAB48E-631F-4147-8BF6-9672F592386E}.Debug|Any CPU.Build.0 = Debug|Any CPU
		{1BCAB48E-631F-4147-8BF6-9672F592386E}.Release|Any CPU.ActiveCfg = Release|Any CPU
		{1BCAB48E-631F-4147-8BF6-9672F592386E}.Release|Any CPU.Build.0 = Release|Any CPU
		{0A1A730B-C8A1-4C02-8818-01C777DC4F97}.Debug|Any CPU.ActiveCfg = Debug|Any CPU
		{0A1A730B-C8A1-4C02-8818-01C777DC4F97}.Debug|Any CPU.Build.0 = Debug|Any CPU
		{0A1A730B-C8A1-4C02-8818-01C777DC4F97}.Release|Any CPU.ActiveCfg = Release|Any CPU
		{0A1A730B-C8A1-4C02-8818-01C777DC4F97}.Release|Any CPU.Build.0 = Release|Any CPU
		{0E6B277B-7587-45FC-A21E-F994502FEF61}.Debug|Any CPU.ActiveCfg = Debug|Any CPU
		{0E6B277B-7587-45FC-A21E-F994502FEF61}.Debug|Any CPU.Build.0 = Debug|Any CPU
		{0E6B277B-7587-45FC-A21E-F994502FEF61}.Release|Any CPU.ActiveCfg = Release|Any CPU
		{0E6B277B-7587-45FC-A21E-F994502FEF61}.Release|Any CPU.Build.0 = Release|Any CPU
	EndGlobalSection
	GlobalSection(SolutionProperties) = preSolution
		HideSolutionNode = FALSE
	EndGlobalSection
	GlobalSection(ExtensibilityGlobals) = postSolution
		SolutionGuid = {5DBD9A4F-33BD-4FAD-A133-66AF8444D24A}
	EndGlobalSection
EndGlobal
